
Microsoft Visual Studio Solution File, Format Version 12.00
# Visual Studio Version 17
VisualStudioVersion = 17.13.35931.197 d17.13
MinimumVisualStudioVersion = 10.0.40219.1
Project("{FAE04EC0-301F-11D3-BF4B-00C04F79EFBC}") = "SoftOne.TaskManagement.WebAPI", "SoftOne.TaskManagement.WebAPI\SoftOne.TaskManagement.WebAPI.csproj", "{2AED9D39-119B-4DEF-9866-D4E092E41AD7}"
EndProject
Global
	GlobalSection(SolutionConfigurationPlatforms) = preSolution
		Debug|Any CPU = Debug|Any CPU
		Release|Any CPU = Release|Any CPU
	EndGlobalSection
	GlobalSection(ProjectConfigurationPlatforms) = postSolution
		{2AED9D39-119B-4DEF-9866-D4E092E41AD7}.Debug|Any CPU.ActiveCfg = Debug|Any CPU
		{2AED9D39-119B-4DEF-9866-D4E092E41AD7}.Debug|Any CPU.Build.0 = Debug|Any CPU
		{2AED9D39-119B-4DEF-9866-D4E092E41AD7}.Release|Any CPU.ActiveCfg = Release|Any CPU
		{2AED9D39-119B-4DEF-9866-D4E092E41AD7}.Release|Any CPU.Build.0 = Release|Any CPU
	EndGlobalSection
	GlobalSection(SolutionProperties) = preSolution
		HideSolutionNode = FALSE
	EndGlobalSection
	GlobalSection(ExtensibilityGlobals) = postSolution
		SolutionGuid = {76B6EB67-7393-4493-BF77-7B1D2A3DA245}
	EndGlobalSection
EndGlobal
